
Microsoft Visual Studio Solution File, Format Version 12.00
# Visual Studio Version 17
VisualStudioVersion = 17.4.33122.133
MinimumVisualStudioVersion = 10.0.40219.1
Project("{FAE04EC0-301F-11D3-BF4B-00C04F79EFBC}") = "thermostat", "thermostat.csproj", "{3E8215C5-A86C-432F-BCE2-E44C5A7BBD79}"
EndProject
Global
	GlobalSection(SolutionConfigurationPlatforms) = preSolution
		Debug|Any CPU = Debug|Any CPU
		Release|Any CPU = Release|Any CPU
	EndGlobalSection
	GlobalSection(ProjectConfigurationPlatforms) = postSolution
		{3E8215C5-A86C-432F-BCE2-E44C5A7BBD79}.Debug|Any CPU.ActiveCfg = Debug|Any CPU
		{3E8215C5-A86C-432F-BCE2-E44C5A7BBD79}.Debug|Any CPU.Build.0 = Debug|Any CPU
		{3E8215C5-A86C-432F-BCE2-E44C5A7BBD79}.Release|Any CPU.ActiveCfg = Release|Any CPU
		{3E8215C5-A86C-432F-BCE2-E44C5A7BBD79}.Release|Any CPU.Build.0 = Release|Any CPU
	EndGlobalSection
	GlobalSection(SolutionProperties) = preSolution
		HideSolutionNode = FALSE
	EndGlobalSection
	GlobalSection(ExtensibilityGlobals) = postSolution
		SolutionGuid = {69B11721-2453-4E75-9CE9-4AC082E77B98}
	EndGlobalSection
EndGlobal
